
Microsoft Visual Studio Solution File, Format Version 12.00
# Visual Studio 14
VisualStudioVersion = 14.0.25420.1
MinimumVisualStudioVersion = 10.0.40219.1
Project("{FAE04EC0-301F-11D3-BF4B-00C04F79EFBC}") = "Xamarin_Tests", "Xamarin_Tests\Xamarin_Tests\Xamarin_Tests.csproj", "{4F25362F-6B32-4CBB-936E-D8C1F959F043}"
EndProject
Project("{FAE04EC0-301F-11D3-BF4B-00C04F79EFBC}") = "Xamarin_Tests.Droid", "Xamarin_Tests\Xamarin_Tests.Droid\Xamarin_Tests.Droid.csproj", "{3744C63F-B2F1-4D51-B59B-A2DD8C90B1DA}"
EndProject
Project("{FAE04EC0-301F-11D3-BF4B-00C04F79EFBC}") = "Xamarin_Tests.iOS", "Xamarin_Tests\Xamarin_Tests.iOS\Xamarin_Tests.iOS.csproj", "{9859A602-692F-47B4-8085-8A1588C1A662}"
EndProject
Project("{FAE04EC0-301F-11D3-BF4B-00C04F79EFBC}") = "Xamarin_Tests.WinPhone", "Xamarin_Tests\Xamarin_Tests.WinPhone\Xamarin_Tests.WinPhone.csproj", "{E40A1615-F184-42F5-A161-1D914CDB83A9}"
EndProject
Project("{FAE04EC0-301F-11D3-BF4B-00C04F79EFBC}") = "Xamarin_Tests.UWP", "Xamarin_Tests\Xamarin_Tests.UWP\Xamarin_Tests.UWP.csproj", "{3EFF94E5-DB7B-44ED-AAF9-98F60DC48AFA}"
EndProject
Project("{FAE04EC0-301F-11D3-BF4B-00C04F79EFBC}") = "Xamarin_Tests.Windows", "Xamarin_Tests\Xamarin_Tests.Windows\Xamarin_Tests.Windows.csproj", "{E8319221-18C4-48C3-A9F0-87BCD0167A67}"
EndProject
Global
	GlobalSection(SolutionConfigurationPlatforms) = preSolution
		Ad-Hoc|Any CPU = Ad-Hoc|Any CPU
		Ad-Hoc|ARM = Ad-Hoc|ARM
		Ad-Hoc|iPhone = Ad-Hoc|iPhone
		Ad-Hoc|iPhoneSimulator = Ad-Hoc|iPhoneSimulator
		Ad-Hoc|x64 = Ad-Hoc|x64
		Ad-Hoc|x86 = Ad-Hoc|x86
		AppStore|Any CPU = AppStore|Any CPU
		AppStore|ARM = AppStore|ARM
		AppStore|iPhone = AppStore|iPhone
		AppStore|iPhoneSimulator = AppStore|iPhoneSimulator
		AppStore|x64 = AppStore|x64
		AppStore|x86 = AppStore|x86
		Debug|Any CPU = Debug|Any CPU
		Debug|ARM = Debug|ARM
		Debug|iPhone = Debug|iPhone
		Debug|iPhoneSimulator = Debug|iPhoneSimulator
		Debug|x64 = Debug|x64
		Debug|x86 = Debug|x86
		Release|Any CPU = Release|Any CPU
		Release|ARM = Release|ARM
		Release|iPhone = Release|iPhone
		Release|iPhoneSimulator = Release|iPhoneSimulator
		Release|x64 = Release|x64
		Release|x86 = Release|x86
	EndGlobalSection
	GlobalSection(ProjectConfigurationPlatforms) = postSolution
		{4F25362F-6B32-4CBB-936E-D8C1F959F043}.Ad-Hoc|Any CPU.ActiveCfg = Release|Any CPU
		{4F25362F-6B32-4CBB-936E-D8C1F959F043}.Ad-Hoc|Any CPU.Build.0 = Release|Any CPU
		{4F25362F-6B32-4CBB-936E-D8C1F959F043}.Ad-Hoc|ARM.ActiveCfg = Release|Any CPU
		{4F25362F-6B32-4CBB-936E-D8C1F959F043}.Ad-Hoc|ARM.Build.0 = Release|Any CPU
		{4F25362F-6B32-4CBB-936E-D8C1F959F043}.Ad-Hoc|iPhone.ActiveCfg = Release|Any CPU
		{4F25362F-6B32-4CBB-936E-D8C1F959F043}.Ad-Hoc|iPhone.Build.0 = Release|Any CPU
		{4F25362F-6B32-4CBB-936E-D8C1F959F043}.Ad-Hoc|iPhoneSimulator.ActiveCfg = Release|Any CPU
		{4F25362F-6B32-4CBB-936E-D8C1F959F043}.Ad-Hoc|iPhoneSimulator.Build.0 = Release|Any CPU
		{4F25362F-6B32-4CBB-936E-D8C1F959F043}.Ad-Hoc|x64.ActiveCfg = Release|Any CPU
		{4F25362F-6B32-4CBB-936E-D8C1F959F043}.Ad-Hoc|x64.Build.0 = Release|Any CPU
		{4F25362F-6B32-4CBB-936E-D8C1F959F043}.Ad-Hoc|x86.ActiveCfg = Release|Any CPU
		{4F25362F-6B32-4CBB-936E-D8C1F959F043}.Ad-Hoc|x86.Build.0 = Release|Any CPU
		{4F25362F-6B32-4CBB-936E-D8C1F959F043}.AppStore|Any CPU.ActiveCfg = Release|Any CPU
		{4F25362F-6B32-4CBB-936E-D8C1F959F043}.AppStore|Any CPU.Build.0 = Release|Any CPU
		{4F25362F-6B32-4CBB-936E-D8C1F959F043}.AppStore|ARM.ActiveCfg = Release|Any CPU
		{4F25362F-6B32-4CBB-936E-D8C1F959F043}.AppStore|ARM.Build.0 = Release|Any CPU
		{4F25362F-6B32-4CBB-936E-D8C1F959F043}.AppStore|iPhone.ActiveCfg = Release|Any CPU
		{4F25362F-6B32-4CBB-936E-D8C1F959F043}.AppStore|iPhone.Build.0 = Release|Any CPU
		{4F25362F-6B32-4CBB-936E-D8C1F959F043}.AppStore|iPhoneSimulator.ActiveCfg = Release|Any CPU
		{4F25362F-6B32-4CBB-936E-D8C1F959F043}.AppStore|iPhoneSimulator.Build.0 = Release|Any CPU
		{4F25362F-6B32-4CBB-936E-D8C1F959F043}.AppStore|x64.ActiveCfg = Release|Any CPU
		{4F25362F-6B32-4CBB-936E-D8C1F959F043}.AppStore|x64.Build.0 = Release|Any CPU
		{4F25362F-6B32-4CBB-936E-D8C1F959F043}.AppStore|x86.ActiveCfg = Release|Any CPU
		{4F25362F-6B32-4CBB-936E-D8C1F959F043}.AppStore|x86.Build.0 = Release|Any CPU
		{4F25362F-6B32-4CBB-936E-D8C1F959F043}.Debug|Any CPU.ActiveCfg = Debug|Any CPU
		{4F25362F-6B32-4CBB-936E-D8C1F959F043}.Debug|Any CPU.Build.0 = Debug|Any CPU
		{4F25362F-6B32-4CBB-936E-D8C1F959F043}.Debug|ARM.ActiveCfg = Debug|Any CPU
		{4F25362F-6B32-4CBB-936E-D8C1F959F043}.Debug|ARM.Build.0 = Debug|Any CPU
		{4F25362F-6B32-4CBB-936E-D8C1F959F043}.Debug|iPhone.ActiveCfg = Debug|Any CPU
		{4F25362F-6B32-4CBB-936E-D8C1F959F043}.Debug|iPhone.Build.0 = Debug|Any CPU
		{4F25362F-6B32-4CBB-936E-D8C1F959F043}.Debug|iPhoneSimulator.ActiveCfg = Debug|Any CPU
		{4F25362F-6B32-4CBB-936E-D8C1F959F043}.Debug|iPhoneSimulator.Build.0 = Debug|Any CPU
		{4F25362F-6B32-4CBB-936E-D8C1F959F043}.Debug|x64.ActiveCfg = Debug|Any CPU
		{4F25362F-6B32-4CBB-936E-D8C1F959F043}.Debug|x64.Build.0 = Debug|Any CPU
		{4F25362F-6B32-4CBB-936E-D8C1F959F043}.Debug|x86.ActiveCfg = Debug|Any CPU
		{4F25362F-6B32-4CBB-936E-D8C1F959F043}.Debug|x86.Build.0 = Debug|Any CPU
		{4F25362F-6B32-4CBB-936E-D8C1F959F043}.Release|Any CPU.ActiveCfg = Release|Any CPU
		{4F25362F-6B32-4CBB-936E-D8C1F959F043}.Release|Any CPU.Build.0 = Release|Any CPU
		{4F25362F-6B32-4CBB-936E-D8C1F959F043}.Release|ARM.ActiveCfg = Release|Any CPU
		{4F25362F-6B32-4CBB-936E-D8C1F959F043}.Release|ARM.Build.0 = Release|Any CPU
		{4F25362F-6B32-4CBB-936E-D8C1F959F043}.Release|iPhone.ActiveCfg = Release|Any CPU
		{4F25362F-6B32-4CBB-936E-D8C1F959F043}.Release|iPhone.Build.0 = Release|Any CPU
		{4F25362F-6B32-4CBB-936E-D8C1F959F043}.Release|iPhoneSimulator.ActiveCfg = Release|Any CPU
		{4F25362F-6B32-4CBB-936E-D8C1F959F043}.Release|iPhoneSimulator.Build.0 = Release|Any CPU
		{4F25362F-6B32-4CBB-936E-D8C1F959F043}.Release|x64.ActiveCfg = Release|Any CPU
		{4F25362F-6B32-4CBB-936E-D8C1F959F043}.Release|x64.Build.0 = Release|Any CPU
		{4F25362F-6B32-4CBB-936E-D8C1F959F043}.Release|x86.ActiveCfg = Release|Any CPU
		{4F25362F-6B32-4CBB-936E-D8C1F959F043}.Release|x86.Build.0 = Release|Any CPU
		{3744C63F-B2F1-4D51-B59B-A2DD8C90B1DA}.Ad-Hoc|Any CPU.ActiveCfg = Release|Any CPU
		{3744C63F-B2F1-4D51-B59B-A2DD8C90B1DA}.Ad-Hoc|Any CPU.Build.0 = Release|Any CPU
		{3744C63F-B2F1-4D51-B59B-A2DD8C90B1DA}.Ad-Hoc|Any CPU.Deploy.0 = Release|Any CPU
		{3744C63F-B2F1-4D51-B59B-A2DD8C90B1DA}.Ad-Hoc|ARM.ActiveCfg = Release|Any CPU
		{3744C63F-B2F1-4D51-B59B-A2DD8C90B1DA}.Ad-Hoc|ARM.Build.0 = Release|Any CPU
		{3744C63F-B2F1-4D51-B59B-A2DD8C90B1DA}.Ad-Hoc|ARM.Deploy.0 = Release|Any CPU
		{3744C63F-B2F1-4D51-B59B-A2DD8C90B1DA}.Ad-Hoc|iPhone.ActiveCfg = Release|Any CPU
		{3744C63F-B2F1-4D51-B59B-A2DD8C90B1DA}.Ad-Hoc|iPhone.Build.0 = Release|Any CPU
		{3744C63F-B2F1-4D51-B59B-A2DD8C90B1DA}.Ad-Hoc|iPhone.Deploy.0 = Release|Any CPU
		{3744C63F-B2F1-4D51-B59B-A2DD8C90B1DA}.Ad-Hoc|iPhoneSimulator.ActiveCfg = Release|Any CPU
		{3744C63F-B2F1-4D51-B59B-A2DD8C90B1DA}.Ad-Hoc|iPhoneSimulator.Build.0 = Release|Any CPU
		{3744C63F-B2F1-4D51-B59B-A2DD8C90B1DA}.Ad-Hoc|iPhoneSimulator.Deploy.0 = Release|Any CPU
		{3744C63F-B2F1-4D51-B59B-A2DD8C90B1DA}.Ad-Hoc|x64.ActiveCfg = Release|Any CPU
		{3744C63F-B2F1-4D51-B59B-A2DD8C90B1DA}.Ad-Hoc|x64.Build.0 = Release|Any CPU
		{3744C63F-B2F1-4D51-B59B-A2DD8C90B1DA}.Ad-Hoc|x64.Deploy.0 = Release|Any CPU
		{3744C63F-B2F1-4D51-B59B-A2DD8C90B1DA}.Ad-Hoc|x86.ActiveCfg = Release|Any CPU
		{3744C63F-B2F1-4D51-B59B-A2DD8C90B1DA}.Ad-Hoc|x86.Build.0 = Release|Any CPU
		{3744C63F-B2F1-4D51-B59B-A2DD8C90B1DA}.Ad-Hoc|x86.Deploy.0 = Release|Any CPU
		{3744C63F-B2F1-4D51-B59B-A2DD8C90B1DA}.AppStore|Any CPU.ActiveCfg = Release|Any CPU
		{3744C63F-B2F1-4D51-B59B-A2DD8C90B1DA}.AppStore|Any CPU.Build.0 = Release|Any CPU
		{3744C63F-B2F1-4D51-B59B-A2DD8C90B1DA}.AppStore|Any CPU.Deploy.0 = Release|Any CPU
		{3744C63F-B2F1-4D51-B59B-A2DD8C90B1DA}.AppStore|ARM.ActiveCfg = Release|Any CPU
		{3744C63F-B2F1-4D51-B59B-A2DD8C90B1DA}.AppStore|ARM.Build.0 = Release|Any CPU
		{3744C63F-B2F1-4D51-B59B-A2DD8C90B1DA}.AppStore|ARM.Deploy.0 = Release|Any CPU
		{3744C63F-B2F1-4D51-B59B-A2DD8C90B1DA}.AppStore|iPhone.ActiveCfg = Release|Any CPU
		{3744C63F-B2F1-4D51-B59B-A2DD8C90B1DA}.AppStore|iPhone.Build.0 = Release|Any CPU
		{3744C63F-B2F1-4D51-B59B-A2DD8C90B1DA}.AppStore|iPhone.Deploy.0 = Release|Any CPU
		{3744C63F-B2F1-4D51-B59B-A2DD8C90B1DA}.AppStore|iPhoneSimulator.ActiveCfg = Release|Any CPU
		{3744C63F-B2F1-4D51-B59B-A2DD8C90B1DA}.AppStore|iPhoneSimulator.Build.0 = Release|Any CPU
		{3744C63F-B2F1-4D51-B59B-A2DD8C90B1DA}.AppStore|iPhoneSimulator.Deploy.0 = Release|Any CPU
		{3744C63F-B2F1-4D51-B59B-A2DD8C90B1DA}.AppStore|x64.ActiveCfg = Release|Any CPU
		{3744C63F-B2F1-4D51-B59B-A2DD8C90B1DA}.AppStore|x64.Build.0 = Release|Any CPU
		{3744C63F-B2F1-4D51-B59B-A2DD8C90B1DA}.AppStore|x64.Deploy.0 = Release|Any CPU
		{3744C63F-B2F1-4D51-B59B-A2DD8C90B1DA}.AppStore|x86.ActiveCfg = Release|Any CPU
		{3744C63F-B2F1-4D51-B59B-A2DD8C90B1DA}.AppStore|x86.Build.0 = Release|Any CPU
		{3744C63F-B2F1-4D51-B59B-A2DD8C90B1DA}.AppStore|x86.Deploy.0 = Release|Any CPU
		{3744C63F-B2F1-4D51-B59B-A2DD8C90B1DA}.Debug|Any CPU.ActiveCfg = Debug|Any CPU
		{3744C63F-B2F1-4D51-B59B-A2DD8C90B1DA}.Debug|Any CPU.Build.0 = Debug|Any CPU
		{3744C63F-B2F1-4D51-B59B-A2DD8C90B1DA}.Debug|Any CPU.Deploy.0 = Debug|Any CPU
		{3744C63F-B2F1-4D51-B59B-A2DD8C90B1DA}.Debug|ARM.ActiveCfg = Debug|Any CPU
		{3744C63F-B2F1-4D51-B59B-A2DD8C90B1DA}.Debug|ARM.Build.0 = Debug|Any CPU
		{3744C63F-B2F1-4D51-B59B-A2DD8C90B1DA}.Debug|ARM.Deploy.0 = Debug|Any CPU
		{3744C63F-B2F1-4D51-B59B-A2DD8C90B1DA}.Debug|iPhone.ActiveCfg = Debug|Any CPU
		{3744C63F-B2F1-4D51-B59B-A2DD8C90B1DA}.Debug|iPhone.Build.0 = Debug|Any CPU
		{3744C63F-B2F1-4D51-B59B-A2DD8C90B1DA}.Debug|iPhone.Deploy.0 = Debug|Any CPU
		{3744C63F-B2F1-4D51-B59B-A2DD8C90B1DA}.Debug|iPhoneSimulator.ActiveCfg = Debug|Any CPU
		{3744C63F-B2F1-4D51-B59B-A2DD8C90B1DA}.Debug|iPhoneSimulator.Build.0 = Debug|Any CPU
		{3744C63F-B2F1-4D51-B59B-A2DD8C90B1DA}.Debug|iPhoneSimulator.Deploy.0 = Debug|Any CPU
		{3744C63F-B2F1-4D51-B59B-A2DD8C90B1DA}.Debug|x64.ActiveCfg = Debug|Any CPU
		{3744C63F-B2F1-4D51-B59B-A2DD8C90B1DA}.Debug|x64.Build.0 = Debug|Any CPU
		{3744C63F-B2F1-4D51-B59B-A2DD8C90B1DA}.Debug|x64.Deploy.0 = Debug|Any CPU
		{3744C63F-B2F1-4D51-B59B-A2DD8C90B1DA}.Debug|x86.ActiveCfg = Debug|Any CPU
		{3744C63F-B2F1-4D51-B59B-A2DD8C90B1DA}.Debug|x86.Build.0 = Debug|Any CPU
		{3744C63F-B2F1-4D51-B59B-A2DD8C90B1DA}.Debug|x86.Deploy.0 = Debug|Any CPU
		{3744C63F-B2F1-4D51-B59B-A2DD8C90B1DA}.Release|Any CPU.ActiveCfg = Release|Any CPU
		{3744C63F-B2F1-4D51-B59B-A2DD8C90B1DA}.Release|Any CPU.Build.0 = Release|Any CPU
		{3744C63F-B2F1-4D51-B59B-A2DD8C90B1DA}.Release|Any CPU.Deploy.0 = Release|Any CPU
		{3744C63F-B2F1-4D51-B59B-A2DD8C90B1DA}.Release|ARM.ActiveCfg = Release|Any CPU
		{3744C63F-B2F1-4D51-B59B-A2DD8C90B1DA}.Release|ARM.Build.0 = Release|Any CPU
		{3744C63F-B2F1-4D51-B59B-A2DD8C90B1DA}.Release|ARM.Deploy.0 = Release|Any CPU
		{3744C63F-B2F1-4D51-B59B-A2DD8C90B1DA}.Release|iPhone.ActiveCfg = Release|Any CPU
		{3744C63F-B2F1-4D51-B59B-A2DD8C90B1DA}.Release|iPhone.Build.0 = Release|Any CPU
		{3744C63F-B2F1-4D51-B59B-A2DD8C90B1DA}.Release|iPhone.Deploy.0 = Release|Any CPU
		{3744C63F-B2F1-4D51-B59B-A2DD8C90B1DA}.Release|iPhoneSimulator.ActiveCfg = Release|Any CPU
		{3744C63F-B2F1-4D51-B59B-A2DD8C90B1DA}.Release|iPhoneSimulator.Build.0 = Release|Any CPU
		{3744C63F-B2F1-4D51-B59B-A2DD8C90B1DA}.Release|iPhoneSimulator.Deploy.0 = Release|Any CPU
		{3744C63F-B2F1-4D51-B59B-A2DD8C90B1DA}.Release|x64.ActiveCfg = Release|Any CPU
		{3744C63F-B2F1-4D51-B59B-A2DD8C90B1DA}.Release|x64.Build.0 = Release|Any CPU
		{3744C63F-B2F1-4D51-B59B-A2DD8C90B1DA}.Release|x64.Deploy.0 = Release|Any CPU
		{3744C63F-B2F1-4D51-B59B-A2DD8C90B1DA}.Release|x86.ActiveCfg = Release|Any CPU
		{3744C63F-B2F1-4D51-B59B-A2DD8C90B1DA}.Release|x86.Build.0 = Release|Any CPU
		{3744C63F-B2F1-4D51-B59B-A2DD8C90B1DA}.Release|x86.Deploy.0 = Release|Any CPU
		{9859A602-692F-47B4-8085-8A1588C1A662}.Ad-Hoc|Any CPU.ActiveCfg = Ad-Hoc|iPhone
		{9859A602-692F-47B4-8085-8A1588C1A662}.Ad-Hoc|ARM.ActiveCfg = Ad-Hoc|iPhone
		{9859A602-692F-47B4-8085-8A1588C1A662}.Ad-Hoc|iPhone.ActiveCfg = Ad-Hoc|iPhone
		{9859A602-692F-47B4-8085-8A1588C1A662}.Ad-Hoc|iPhone.Build.0 = Ad-Hoc|iPhone
		{9859A602-692F-47B4-8085-8A1588C1A662}.Ad-Hoc|iPhoneSimulator.ActiveCfg = Ad-Hoc|iPhoneSimulator
		{9859A602-692F-47B4-8085-8A1588C1A662}.Ad-Hoc|iPhoneSimulator.Build.0 = Ad-Hoc|iPhoneSimulator
		{9859A602-692F-47B4-8085-8A1588C1A662}.Ad-Hoc|x64.ActiveCfg = Ad-Hoc|iPhone
		{9859A602-692F-47B4-8085-8A1588C1A662}.Ad-Hoc|x86.ActiveCfg = Ad-Hoc|iPhone
		{9859A602-692F-47B4-8085-8A1588C1A662}.AppStore|Any CPU.ActiveCfg = AppStore|iPhone
		{9859A602-692F-47B4-8085-8A1588C1A662}.AppStore|ARM.ActiveCfg = AppStore|iPhone
		{9859A602-692F-47B4-8085-8A1588C1A662}.AppStore|iPhone.ActiveCfg = AppStore|iPhone
		{9859A602-692F-47B4-8085-8A1588C1A662}.AppStore|iPhone.Build.0 = AppStore|iPhone
		{9859A602-692F-47B4-8085-8A1588C1A662}.AppStore|iPhoneSimulator.ActiveCfg = AppStore|iPhoneSimulator
		{9859A602-692F-47B4-8085-8A1588C1A662}.AppStore|iPhoneSimulator.Build.0 = AppStore|iPhoneSimulator
		{9859A602-692F-47B4-8085-8A1588C1A662}.AppStore|x64.ActiveCfg = AppStore|iPhone
		{9859A602-692F-47B4-8085-8A1588C1A662}.AppStore|x86.ActiveCfg = AppStore|iPhone
		{9859A602-692F-47B4-8085-8A1588C1A662}.Debug|Any CPU.ActiveCfg = Debug|iPhone
		{9859A602-692F-47B4-8085-8A1588C1A662}.Debug|ARM.ActiveCfg = Debug|iPhone
		{9859A602-692F-47B4-8085-8A1588C1A662}.Debug|iPhone.ActiveCfg = Debug|iPhone
		{9859A602-692F-47B4-8085-8A1588C1A662}.Debug|iPhone.Build.0 = Debug|iPhone
		{9859A602-692F-47B4-8085-8A1588C1A662}.Debug|iPhoneSimulator.ActiveCfg = Debug|iPhoneSimulator
		{9859A602-692F-47B4-8085-8A1588C1A662}.Debug|iPhoneSimulator.Build.0 = Debug|iPhoneSimulator
		{9859A602-692F-47B4-8085-8A1588C1A662}.Debug|x64.ActiveCfg = Debug|iPhone
		{9859A602-692F-47B4-8085-8A1588C1A662}.Debug|x86.ActiveCfg = Debug|iPhone
		{9859A602-692F-47B4-8085-8A1588C1A662}.Release|Any CPU.ActiveCfg = Release|iPhone
		{9859A602-692F-47B4-8085-8A1588C1A662}.Release|ARM.ActiveCfg = Release|iPhone
		{9859A602-692F-47B4-8085-8A1588C1A662}.Release|iPhone.ActiveCfg = Release|iPhone
		{9859A602-692F-47B4-8085-8A1588C1A662}.Release|iPhone.Build.0 = Release|iPhone
		{9859A602-692F-47B4-8085-8A1588C1A662}.Release|iPhoneSimulator.ActiveCfg = Release|iPhoneSimulator
		{9859A602-692F-47B4-8085-8A1588C1A662}.Release|iPhoneSimulator.Build.0 = Release|iPhoneSimulator
		{9859A602-692F-47B4-8085-8A1588C1A662}.Release|x64.ActiveCfg = Release|iPhone
		{9859A602-692F-47B4-8085-8A1588C1A662}.Release|x86.ActiveCfg = Release|iPhone
		{E40A1615-F184-42F5-A161-1D914CDB83A9}.Ad-Hoc|Any CPU.ActiveCfg = Release|Any CPU
		{E40A1615-F184-42F5-A161-1D914CDB83A9}.Ad-Hoc|Any CPU.Build.0 = Release|Any CPU
		{E40A1615-F184-42F5-A161-1D914CDB83A9}.Ad-Hoc|Any CPU.Deploy.0 = Release|Any CPU
		{E40A1615-F184-42F5-A161-1D914CDB83A9}.Ad-Hoc|ARM.ActiveCfg = Release|ARM
		{E40A1615-F184-42F5-A161-1D914CDB83A9}.Ad-Hoc|ARM.Build.0 = Release|ARM
		{E40A1615-F184-42F5-A161-1D914CDB83A9}.Ad-Hoc|ARM.Deploy.0 = Release|ARM
		{E40A1615-F184-42F5-A161-1D914CDB83A9}.Ad-Hoc|iPhone.ActiveCfg = Release|Any CPU
		{E40A1615-F184-42F5-A161-1D914CDB83A9}.Ad-Hoc|iPhone.Build.0 = Release|Any CPU
		{E40A1615-F184-42F5-A161-1D914CDB83A9}.Ad-Hoc|iPhone.Deploy.0 = Release|Any CPU
		{E40A1615-F184-42F5-A161-1D914CDB83A9}.Ad-Hoc|iPhoneSimulator.ActiveCfg = Release|Any CPU
		{E40A1615-F184-42F5-A161-1D914CDB83A9}.Ad-Hoc|iPhoneSimulator.Build.0 = Release|Any CPU
		{E40A1615-F184-42F5-A161-1D914CDB83A9}.Ad-Hoc|iPhoneSimulator.Deploy.0 = Release|Any CPU
		{E40A1615-F184-42F5-A161-1D914CDB83A9}.Ad-Hoc|x64.ActiveCfg = Release|Any CPU
		{E40A1615-F184-42F5-A161-1D914CDB83A9}.Ad-Hoc|x64.Build.0 = Release|Any CPU
		{E40A1615-F184-42F5-A161-1D914CDB83A9}.Ad-Hoc|x64.Deploy.0 = Release|Any CPU
		{E40A1615-F184-42F5-A161-1D914CDB83A9}.Ad-Hoc|x86.ActiveCfg = Release|x86
		{E40A1615-F184-42F5-A161-1D914CDB83A9}.Ad-Hoc|x86.Build.0 = Release|x86
		{E40A1615-F184-42F5-A161-1D914CDB83A9}.Ad-Hoc|x86.Deploy.0 = Release|x86
		{E40A1615-F184-42F5-A161-1D914CDB83A9}.AppStore|Any CPU.ActiveCfg = Release|Any CPU
		{E40A1615-F184-42F5-A161-1D914CDB83A9}.AppStore|Any CPU.Build.0 = Release|Any CPU
		{E40A1615-F184-42F5-A161-1D914CDB83A9}.AppStore|Any CPU.Deploy.0 = Release|Any CPU
		{E40A1615-F184-42F5-A161-1D914CDB83A9}.AppStore|ARM.ActiveCfg = Release|ARM
		{E40A1615-F184-42F5-A161-1D914CDB83A9}.AppStore|ARM.Build.0 = Release|ARM
		{E40A1615-F184-42F5-A161-1D914CDB83A9}.AppStore|ARM.Deploy.0 = Release|ARM
		{E40A1615-F184-42F5-A161-1D914CDB83A9}.AppStore|iPhone.ActiveCfg = Release|Any CPU
		{E40A1615-F184-42F5-A161-1D914CDB83A9}.AppStore|iPhone.Build.0 = Release|Any CPU
		{E40A1615-F184-42F5-A161-1D914CDB83A9}.AppStore|iPhone.Deploy.0 = Release|Any CPU
		{E40A1615-F184-42F5-A161-1D914CDB83A9}.AppStore|iPhoneSimulator.ActiveCfg = Release|Any CPU
		{E40A1615-F184-42F5-A161-1D914CDB83A9}.AppStore|iPhoneSimulator.Build.0 = Release|Any CPU
		{E40A1615-F184-42F5-A161-1D914CDB83A9}.AppStore|iPhoneSimulator.Deploy.0 = Release|Any CPU
		{E40A1615-F184-42F5-A161-1D914CDB83A9}.AppStore|x64.ActiveCfg = Release|Any CPU
		{E40A1615-F184-42F5-A161-1D914CDB83A9}.AppStore|x64.Build.0 = Release|Any CPU
		{E40A1615-F184-42F5-A161-1D914CDB83A9}.AppStore|x64.Deploy.0 = Release|Any CPU
		{E40A1615-F184-42F5-A161-1D914CDB83A9}.AppStore|x86.ActiveCfg = Release|x86
		{E40A1615-F184-42F5-A161-1D914CDB83A9}.AppStore|x86.Build.0 = Release|x86
		{E40A1615-F184-42F5-A161-1D914CDB83A9}.AppStore|x86.Deploy.0 = Release|x86
		{E40A1615-F184-42F5-A161-1D914CDB83A9}.Debug|Any CPU.ActiveCfg = Debug|Any CPU
		{E40A1615-F184-42F5-A161-1D914CDB83A9}.Debug|Any CPU.Build.0 = Debug|Any CPU
		{E40A1615-F184-42F5-A161-1D914CDB83A9}.Debug|Any CPU.Deploy.0 = Debug|Any CPU
		{E40A1615-F184-42F5-A161-1D914CDB83A9}.Debug|ARM.ActiveCfg = Debug|ARM
		{E40A1615-F184-42F5-A161-1D914CDB83A9}.Debug|ARM.Build.0 = Debug|ARM
		{E40A1615-F184-42F5-A161-1D914CDB83A9}.Debug|ARM.Deploy.0 = Debug|ARM
		{E40A1615-F184-42F5-A161-1D914CDB83A9}.Debug|iPhone.ActiveCfg = Debug|Any CPU
		{E40A1615-F184-42F5-A161-1D914CDB83A9}.Debug|iPhone.Build.0 = Debug|Any CPU
		{E40A1615-F184-42F5-A161-1D914CDB83A9}.Debug|iPhone.Deploy.0 = Debug|Any CPU
		{E40A1615-F184-42F5-A161-1D914CDB83A9}.Debug|iPhoneSimulator.ActiveCfg = Debug|Any CPU
		{E40A1615-F184-42F5-A161-1D914CDB83A9}.Debug|iPhoneSimulator.Build.0 = Debug|Any CPU
		{E40A1615-F184-42F5-A161-1D914CDB83A9}.Debug|iPhoneSimulator.Deploy.0 = Debug|Any CPU
		{E40A1615-F184-42F5-A161-1D914CDB83A9}.Debug|x64.ActiveCfg = Debug|Any CPU
		{E40A1615-F184-42F5-A161-1D914CDB83A9}.Debug|x64.Build.0 = Debug|Any CPU
		{E40A1615-F184-42F5-A161-1D914CDB83A9}.Debug|x64.Deploy.0 = Debug|Any CPU
		{E40A1615-F184-42F5-A161-1D914CDB83A9}.Debug|x86.ActiveCfg = Debug|x86
		{E40A1615-F184-42F5-A161-1D914CDB83A9}.Debug|x86.Build.0 = Debug|x86
		{E40A1615-F184-42F5-A161-1D914CDB83A9}.Debug|x86.Deploy.0 = Debug|x86
		{E40A1615-F184-42F5-A161-1D914CDB83A9}.Release|Any CPU.ActiveCfg = Release|Any CPU
		{E40A1615-F184-42F5-A161-1D914CDB83A9}.Release|Any CPU.Build.0 = Release|Any CPU
		{E40A1615-F184-42F5-A161-1D914CDB83A9}.Release|Any CPU.Deploy.0 = Release|Any CPU
		{E40A1615-F184-42F5-A161-1D914CDB83A9}.Release|ARM.ActiveCfg = Release|ARM
		{E40A1615-F184-42F5-A161-1D914CDB83A9}.Release|ARM.Build.0 = Release|ARM
		{E40A1615-F184-42F5-A161-1D914CDB83A9}.Release|ARM.Deploy.0 = Release|ARM
		{E40A1615-F184-42F5-A161-1D914CDB83A9}.Release|iPhone.ActiveCfg = Release|Any CPU
		{E40A1615-F184-42F5-A161-1D914CDB83A9}.Release|iPhone.Build.0 = Release|Any CPU
		{E40A1615-F184-42F5-A161-1D914CDB83A9}.Release|iPhone.Deploy.0 = Release|Any CPU
		{E40A1615-F184-42F5-A161-1D914CDB83A9}.Release|iPhoneSimulator.ActiveCfg = Release|Any CPU
		{E40A1615-F184-42F5-A161-1D914CDB83A9}.Release|iPhoneSimulator.Build.0 = Release|Any CPU
		{E40A1615-F184-42F5-A161-1D914CDB83A9}.Release|iPhoneSimulator.Deploy.0 = Release|Any CPU
		{E40A1615-F184-42F5-A161-1D914CDB83A9}.Release|x64.ActiveCfg = Release|Any CPU
		{E40A1615-F184-42F5-A161-1D914CDB83A9}.Release|x64.Build.0 = Release|Any CPU
		{E40A1615-F184-42F5-A161-1D914CDB83A9}.Release|x64.Deploy.0 = Release|Any CPU
		{E40A1615-F184-42F5-A161-1D914CDB83A9}.Release|x86.ActiveCfg = Release|x86
		{E40A1615-F184-42F5-A161-1D914CDB83A9}.Release|x86.Build.0 = Release|x86
		{E40A1615-F184-42F5-A161-1D914CDB83A9}.Release|x86.Deploy.0 = Release|x86
		{3EFF94E5-DB7B-44ED-AAF9-98F60DC48AFA}.Ad-Hoc|Any CPU.ActiveCfg = Release|x86
		{3EFF94E5-DB7B-44ED-AAF9-98F60DC48AFA}.Ad-Hoc|Any CPU.Build.0 = Release|x86
		{3EFF94E5-DB7B-44ED-AAF9-98F60DC48AFA}.Ad-Hoc|Any CPU.Deploy.0 = Release|x86
		{3EFF94E5-DB7B-44ED-AAF9-98F60DC48AFA}.Ad-Hoc|ARM.ActiveCfg = Release|ARM
		{3EFF94E5-DB7B-44ED-AAF9-98F60DC48AFA}.Ad-Hoc|ARM.Build.0 = Release|ARM
		{3EFF94E5-DB7B-44ED-AAF9-98F60DC48AFA}.Ad-Hoc|ARM.Deploy.0 = Release|ARM
		{3EFF94E5-DB7B-44ED-AAF9-98F60DC48AFA}.Ad-Hoc|iPhone.ActiveCfg = Release|x86
		{3EFF94E5-DB7B-44ED-AAF9-98F60DC48AFA}.Ad-Hoc|iPhone.Build.0 = Release|x86
		{3EFF94E5-DB7B-44ED-AAF9-98F60DC48AFA}.Ad-Hoc|iPhone.Deploy.0 = Release|x86
		{3EFF94E5-DB7B-44ED-AAF9-98F60DC48AFA}.Ad-Hoc|iPhoneSimulator.ActiveCfg = Release|x86
		{3EFF94E5-DB7B-44ED-AAF9-98F60DC48AFA}.Ad-Hoc|iPhoneSimulator.Build.0 = Release|x86
		{3EFF94E5-DB7B-44ED-AAF9-98F60DC48AFA}.Ad-Hoc|iPhoneSimulator.Deploy.0 = Release|x86
		{3EFF94E5-DB7B-44ED-AAF9-98F60DC48AFA}.Ad-Hoc|x64.ActiveCfg = Release|x64
		{3EFF94E5-DB7B-44ED-AAF9-98F60DC48AFA}.Ad-Hoc|x64.Build.0 = Release|x64
		{3EFF94E5-DB7B-44ED-AAF9-98F60DC48AFA}.Ad-Hoc|x64.Deploy.0 = Release|x64
		{3EFF94E5-DB7B-44ED-AAF9-98F60DC48AFA}.Ad-Hoc|x86.ActiveCfg = Release|x86
		{3EFF94E5-DB7B-44ED-AAF9-98F60DC48AFA}.Ad-Hoc|x86.Build.0 = Release|x86
		{3EFF94E5-DB7B-44ED-AAF9-98F60DC48AFA}.Ad-Hoc|x86.Deploy.0 = Release|x86
		{3EFF94E5-DB7B-44ED-AAF9-98F60DC48AFA}.AppStore|Any CPU.ActiveCfg = Release|x86
		{3EFF94E5-DB7B-44ED-AAF9-98F60DC48AFA}.AppStore|Any CPU.Build.0 = Release|x86
		{3EFF94E5-DB7B-44ED-AAF9-98F60DC48AFA}.AppStore|Any CPU.Deploy.0 = Release|x86
		{3EFF94E5-DB7B-44ED-AAF9-98F60DC48AFA}.AppStore|ARM.ActiveCfg = Release|ARM
		{3EFF94E5-DB7B-44ED-AAF9-98F60DC48AFA}.AppStore|ARM.Build.0 = Release|ARM
		{3EFF94E5-DB7B-44ED-AAF9-98F60DC48AFA}.AppStore|ARM.Deploy.0 = Release|ARM
		{3EFF94E5-DB7B-44ED-AAF9-98F60DC48AFA}.AppStore|iPhone.ActiveCfg = Release|x86
		{3EFF94E5-DB7B-44ED-AAF9-98F60DC48AFA}.AppStore|iPhone.Build.0 = Release|x86
		{3EFF94E5-DB7B-44ED-AAF9-98F60DC48AFA}.AppStore|iPhone.Deploy.0 = Release|x86
		{3EFF94E5-DB7B-44ED-AAF9-98F60DC48AFA}.AppStore|iPhoneSimulator.ActiveCfg = Release|x86
		{3EFF94E5-DB7B-44ED-AAF9-98F60DC48AFA}.AppStore|iPhoneSimulator.Build.0 = Release|x86
		{3EFF94E5-DB7B-44ED-AAF9-98F60DC48AFA}.AppStore|iPhoneSimulator.Deploy.0 = Release|x86
		{3EFF94E5-DB7B-44ED-AAF9-98F60DC48AFA}.AppStore|x64.ActiveCfg = Release|x64
		{3EFF94E5-DB7B-44ED-AAF9-98F60DC48AFA}.AppStore|x64.Build.0 = Release|x64
		{3EFF94E5-DB7B-44ED-AAF9-98F60DC48AFA}.AppStore|x64.Deploy.0 = Release|x64
		{3EFF94E5-DB7B-44ED-AAF9-98F60DC48AFA}.AppStore|x86.ActiveCfg = Release|x86
		{3EFF94E5-DB7B-44ED-AAF9-98F60DC48AFA}.AppStore|x86.Build.0 = Release|x86
		{3EFF94E5-DB7B-44ED-AAF9-98F60DC48AFA}.AppStore|x86.Deploy.0 = Release|x86
		{3EFF94E5-DB7B-44ED-AAF9-98F60DC48AFA}.Debug|Any CPU.ActiveCfg = Debug|x86
		{3EFF94E5-DB7B-44ED-AAF9-98F60DC48AFA}.Debug|Any CPU.Build.0 = Debug|x86
		{3EFF94E5-DB7B-44ED-AAF9-98F60DC48AFA}.Debug|Any CPU.Deploy.0 = Debug|x86
		{3EFF94E5-DB7B-44ED-AAF9-98F60DC48AFA}.Debug|ARM.ActiveCfg = Debug|ARM
		{3EFF94E5-DB7B-44ED-AAF9-98F60DC48AFA}.Debug|ARM.Build.0 = Debug|ARM
		{3EFF94E5-DB7B-44ED-AAF9-98F60DC48AFA}.Debug|ARM.Deploy.0 = Debug|ARM
		{3EFF94E5-DB7B-44ED-AAF9-98F60DC48AFA}.Debug|iPhone.ActiveCfg = Debug|x86
		{3EFF94E5-DB7B-44ED-AAF9-98F60DC48AFA}.Debug|iPhoneSimulator.ActiveCfg = Debug|x86
		{3EFF94E5-DB7B-44ED-AAF9-98F60DC48AFA}.Debug|x64.ActiveCfg = Debug|x64
		{3EFF94E5-DB7B-44ED-AAF9-98F60DC48AFA}.Debug|x64.Build.0 = Debug|x64
		{3EFF94E5-DB7B-44ED-AAF9-98F60DC48AFA}.Debug|x64.Deploy.0 = Debug|x64
		{3EFF94E5-DB7B-44ED-AAF9-98F60DC48AFA}.Debug|x86.ActiveCfg = Debug|x86
		{3EFF94E5-DB7B-44ED-AAF9-98F60DC48AFA}.Debug|x86.Build.0 = Debug|x86
		{3EFF94E5-DB7B-44ED-AAF9-98F60DC48AFA}.Debug|x86.Deploy.0 = Debug|x86
		{3EFF94E5-DB7B-44ED-AAF9-98F60DC48AFA}.Release|Any CPU.ActiveCfg = Release|x86
		{3EFF94E5-DB7B-44ED-AAF9-98F60DC48AFA}.Release|ARM.ActiveCfg = Release|ARM
		{3EFF94E5-DB7B-44ED-AAF9-98F60DC48AFA}.Release|ARM.Build.0 = Release|ARM
		{3EFF94E5-DB7B-44ED-AAF9-98F60DC48AFA}.Release|ARM.Deploy.0 = Release|ARM
		{3EFF94E5-DB7B-44ED-AAF9-98F60DC48AFA}.Release|iPhone.ActiveCfg = Release|x86
		{3EFF94E5-DB7B-44ED-AAF9-98F60DC48AFA}.Release|iPhoneSimulator.ActiveCfg = Release|x86
		{3EFF94E5-DB7B-44ED-AAF9-98F60DC48AFA}.Release|x64.ActiveCfg = Release|x64
		{3EFF94E5-DB7B-44ED-AAF9-98F60DC48AFA}.Release|x64.Build.0 = Release|x64
		{3EFF94E5-DB7B-44ED-AAF9-98F60DC48AFA}.Release|x64.Deploy.0 = Release|x64
		{3EFF94E5-DB7B-44ED-AAF9-98F60DC48AFA}.Release|x86.ActiveCfg = Release|x86
		{3EFF94E5-DB7B-44ED-AAF9-98F60DC48AFA}.Release|x86.Build.0 = Release|x86
		{3EFF94E5-DB7B-44ED-AAF9-98F60DC48AFA}.Release|x86.Deploy.0 = Release|x86
		{E8319221-18C4-48C3-A9F0-87BCD0167A67}.Ad-Hoc|Any CPU.ActiveCfg = Release|Any CPU
		{E8319221-18C4-48C3-A9F0-87BCD0167A67}.Ad-Hoc|Any CPU.Build.0 = Release|Any CPU
		{E8319221-18C4-48C3-A9F0-87BCD0167A67}.Ad-Hoc|Any CPU.Deploy.0 = Release|Any CPU
		{E8319221-18C4-48C3-A9F0-87BCD0167A67}.Ad-Hoc|ARM.ActiveCfg = Release|ARM
		{E8319221-18C4-48C3-A9F0-87BCD0167A67}.Ad-Hoc|ARM.Build.0 = Release|ARM
		{E8319221-18C4-48C3-A9F0-87BCD0167A67}.Ad-Hoc|ARM.Deploy.0 = Release|ARM
		{E8319221-18C4-48C3-A9F0-87BCD0167A67}.Ad-Hoc|iPhone.ActiveCfg = Release|Any CPU
		{E8319221-18C4-48C3-A9F0-87BCD0167A67}.Ad-Hoc|iPhone.Build.0 = Release|Any CPU
		{E8319221-18C4-48C3-A9F0-87BCD0167A67}.Ad-Hoc|iPhone.Deploy.0 = Release|Any CPU
		{E8319221-18C4-48C3-A9F0-87BCD0167A67}.Ad-Hoc|iPhoneSimulator.ActiveCfg = Release|Any CPU
		{E8319221-18C4-48C3-A9F0-87BCD0167A67}.Ad-Hoc|iPhoneSimulator.Build.0 = Release|Any CPU
		{E8319221-18C4-48C3-A9F0-87BCD0167A67}.Ad-Hoc|iPhoneSimulator.Deploy.0 = Release|Any CPU
		{E8319221-18C4-48C3-A9F0-87BCD0167A67}.Ad-Hoc|x64.ActiveCfg = Release|x64
		{E8319221-18C4-48C3-A9F0-87BCD0167A67}.Ad-Hoc|x64.Build.0 = Release|x64
		{E8319221-18C4-48C3-A9F0-87BCD0167A67}.Ad-Hoc|x64.Deploy.0 = Release|x64
		{E8319221-18C4-48C3-A9F0-87BCD0167A67}.Ad-Hoc|x86.ActiveCfg = Release|x86
		{E8319221-18C4-48C3-A9F0-87BCD0167A67}.Ad-Hoc|x86.Build.0 = Release|x86
		{E8319221-18C4-48C3-A9F0-87BCD0167A67}.Ad-Hoc|x86.Deploy.0 = Release|x86
		{E8319221-18C4-48C3-A9F0-87BCD0167A67}.AppStore|Any CPU.ActiveCfg = Release|Any CPU
		{E8319221-18C4-48C3-A9F0-87BCD0167A67}.AppStore|Any CPU.Build.0 = Release|Any CPU
		{E8319221-18C4-48C3-A9F0-87BCD0167A67}.AppStore|Any CPU.Deploy.0 = Release|Any CPU
		{E8319221-18C4-48C3-A9F0-87BCD0167A67}.AppStore|ARM.ActiveCfg = Release|ARM
		{E8319221-18C4-48C3-A9F0-87BCD0167A67}.AppStore|ARM.Build.0 = Release|ARM
		{E8319221-18C4-48C3-A9F0-87BCD0167A67}.AppStore|ARM.Deploy.0 = Release|ARM
		{E8319221-18C4-48C3-A9F0-87BCD0167A67}.AppStore|iPhone.ActiveCfg = Release|Any CPU
		{E8319221-18C4-48C3-A9F0-87BCD0167A67}.AppStore|iPhone.Build.0 = Release|Any CPU
		{E8319221-18C4-48C3-A9F0-87BCD0167A67}.AppStore|iPhone.Deploy.0 = Release|Any CPU
		{E8319221-18C4-48C3-A9F0-87BCD0167A67}.AppStore|iPhoneSimulator.ActiveCfg = Release|Any CPU
		{E8319221-18C4-48C3-A9F0-87BCD0167A67}.AppStore|iPhoneSimulator.Build.0 = Release|Any CPU
		{E8319221-18C4-48C3-A9F0-87BCD0167A67}.AppStore|iPhoneSimulator.Deploy.0 = Release|Any CPU
		{E8319221-18C4-48C3-A9F0-87BCD0167A67}.AppStore|x64.ActiveCfg = Release|x64
		{E8319221-18C4-48C3-A9F0-87BCD0167A67}.AppStore|x64.Build.0 = Release|x64
		{E8319221-18C4-48C3-A9F0-87BCD0167A67}.AppStore|x64.Deploy.0 = Release|x64
		{E8319221-18C4-48C3-A9F0-87BCD0167A67}.AppStore|x86.ActiveCfg = Release|x86
		{E8319221-18C4-48C3-A9F0-87BCD0167A67}.AppStore|x86.Build.0 = Release|x86
		{E8319221-18C4-48C3-A9F0-87BCD0167A67}.AppStore|x86.Deploy.0 = Release|x86
		{E8319221-18C4-48C3-A9F0-87BCD0167A67}.Debug|Any CPU.ActiveCfg = Debug|Any CPU
		{E8319221-18C4-48C3-A9F0-87BCD0167A67}.Debug|Any CPU.Build.0 = Debug|Any CPU
		{E8319221-18C4-48C3-A9F0-87BCD0167A67}.Debug|Any CPU.Deploy.0 = Debug|Any CPU
		{E8319221-18C4-48C3-A9F0-87BCD0167A67}.Debug|ARM.ActiveCfg = Debug|ARM
		{E8319221-18C4-48C3-A9F0-87BCD0167A67}.Debug|ARM.Build.0 = Debug|ARM
		{E8319221-18C4-48C3-A9F0-87BCD0167A67}.Debug|ARM.Deploy.0 = Debug|ARM
		{E8319221-18C4-48C3-A9F0-87BCD0167A67}.Debug|iPhone.ActiveCfg = Debug|Any CPU
		{E8319221-18C4-48C3-A9F0-87BCD0167A67}.Debug|iPhone.Build.0 = Debug|Any CPU
		{E8319221-18C4-48C3-A9F0-87BCD0167A67}.Debug|iPhone.Deploy.0 = Debug|Any CPU
		{E8319221-18C4-48C3-A9F0-87BCD0167A67}.Debug|iPhoneSimulator.ActiveCfg = Debug|Any CPU
		{E8319221-18C4-48C3-A9F0-87BCD0167A67}.Debug|iPhoneSimulator.Build.0 = Debug|Any CPU
		{E8319221-18C4-48C3-A9F0-87BCD0167A67}.Debug|iPhoneSimulator.Deploy.0 = Debug|Any CPU
		{E8319221-18C4-48C3-A9F0-87BCD0167A67}.Debug|x64.ActiveCfg = Debug|x64
		{E8319221-18C4-48C3-A9F0-87BCD0167A67}.Debug|x64.Build.0 = Debug|x64
		{E8319221-18C4-48C3-A9F0-87BCD0167A67}.Debug|x64.Deploy.0 = Debug|x64
		{E8319221-18C4-48C3-A9F0-87BCD0167A67}.Debug|x86.ActiveCfg = Debug|x86
		{E8319221-18C4-48C3-A9F0-87BCD0167A67}.Debug|x86.Build.0 = Debug|x86
		{E8319221-18C4-48C3-A9F0-87BCD0167A67}.Debug|x86.Deploy.0 = Debug|x86
		{E8319221-18C4-48C3-A9F0-87BCD0167A67}.Release|Any CPU.ActiveCfg = Release|Any CPU
		{E8319221-18C4-48C3-A9F0-87BCD0167A67}.Release|Any CPU.Build.0 = Release|Any CPU
		{E8319221-18C4-48C3-A9F0-87BCD0167A67}.Release|Any CPU.Deploy.0 = Release|Any CPU
		{E8319221-18C4-48C3-A9F0-87BCD0167A67}.Release|ARM.ActiveCfg = Release|ARM
		{E8319221-18C4-48C3-A9F0-87BCD0167A67}.Release|ARM.Build.0 = Release|ARM
		{E8319221-18C4-48C3-A9F0-87BCD0167A67}.Release|ARM.Deploy.0 = Release|ARM
		{E8319221-18C4-48C3-A9F0-87BCD0167A67}.Release|iPhone.ActiveCfg = Release|Any CPU
		{E8319221-18C4-48C3-A9F0-87BCD0167A67}.Release|iPhone.Build.0 = Release|Any CPU
		{E8319221-18C4-48C3-A9F0-87BCD0167A67}.Release|iPhone.Deploy.0 = Release|Any CPU
		{E8319221-18C4-48C3-A9F0-87BCD0167A67}.Release|iPhoneSimulator.ActiveCfg = Release|Any CPU
		{E8319221-18C4-48C3-A9F0-87BCD0167A67}.Release|iPhoneSimulator.Build.0 = Release|Any CPU
		{E8319221-18C4-48C3-A9F0-87BCD0167A67}.Release|iPhoneSimulator.Deploy.0 = Release|Any CPU
		{E8319221-18C4-48C3-A9F0-87BCD0167A67}.Release|x64.ActiveCfg = Release|x64
		{E8319221-18C4-48C3-A9F0-87BCD0167A67}.Release|x64.Build.0 = Release|x64
		{E8319221-18C4-48C3-A9F0-87BCD0167A67}.Release|x64.Deploy.0 = Release|x64
		{E8319221-18C4-48C3-A9F0-87BCD0167A67}.Release|x86.ActiveCfg = Release|x86
		{E8319221-18C4-48C3-A9F0-87BCD0167A67}.Release|x86.Build.0 = Release|x86
		{E8319221-18C4-48C3-A9F0-87BCD0167A67}.Release|x86.Deploy.0 = Release|x86
	EndGlobalSection
	GlobalSection(SolutionProperties) = preSolution
		HideSolutionNode = FALSE
	EndGlobalSection
EndGlobal
